
Microsoft Visual Studio Solution File, Format Version 12.00
# Visual Studio Version 16
VisualStudioVersion = 16.0.29911.84
MinimumVisualStudioVersion = 10.0.40219.1
Project("{9A19103F-16F7-4668-BE54-9A1E7A4F7556}") = "econ-lab1", "econ-lab1\econ-lab1.csproj", "{0262B2F9-D235-4D84-B50E-BDF6210B63FD}"
EndProject
Project("{9A19103F-16F7-4668-BE54-9A1E7A4F7556}") = "ComplexityAndDevelopmentTimeCalculator", "ComplexityAndDevelopmentTimeCalculator\ComplexityAndDevelopmentTimeCalculator.csproj", "{59745E74-5F07-4FE6-ABB3-434F93FB3611}"
EndProject
Project("{9A19103F-16F7-4668-BE54-9A1E7A4F7556}") = "IOData", "IOData\IOData.csproj", "{766363C2-3AA1-487B-B62E-5FE0B0011A57}"
EndProject
Project("{9A19103F-16F7-4668-BE54-9A1E7A4F7556}") = "SalaryCalculator", "SalaryCalculator\SalaryCalculator.csproj", "{4944CD35-0B13-44E7-8454-ECCE56FB75D6}"
EndProject
Project("{9A19103F-16F7-4668-BE54-9A1E7A4F7556}") = "EquipmentCalculator", "EquipmentCalculator\EquipmentCalculator.csproj", "{182958E3-29D7-41BC-AE81-93465196D9A6}"
EndProject
Project("{FAE04EC0-301F-11D3-BF4B-00C04F79EFBC}") = "PureCostCalculator", "PureCostCalculator\PureCostCalculator.csproj", "{7B0F7D76-27BC-4E95-BE9E-C86F9224E90F}"
EndProject
Project("{FAE04EC0-301F-11D3-BF4B-00C04F79EFBC}") = "FinishedSoftwareProductCostCalculator", "FinishedSoftwareProductCostCalculator\FinishedSoftwareProductCostCalculator.csproj", "{6ECEAF2A-4C61-4D7E-9FF1-2E856CEE69DE}"
EndProject
Global
	GlobalSection(SolutionConfigurationPlatforms) = preSolution
		Debug|Any CPU = Debug|Any CPU
		Release|Any CPU = Release|Any CPU
	EndGlobalSection
	GlobalSection(ProjectConfigurationPlatforms) = postSolution
		{0262B2F9-D235-4D84-B50E-BDF6210B63FD}.Debug|Any CPU.ActiveCfg = Debug|Any CPU
		{0262B2F9-D235-4D84-B50E-BDF6210B63FD}.Debug|Any CPU.Build.0 = Debug|Any CPU
		{0262B2F9-D235-4D84-B50E-BDF6210B63FD}.Release|Any CPU.ActiveCfg = Release|Any CPU
		{0262B2F9-D235-4D84-B50E-BDF6210B63FD}.Release|Any CPU.Build.0 = Release|Any CPU
		{59745E74-5F07-4FE6-ABB3-434F93FB3611}.Debug|Any CPU.ActiveCfg = Debug|Any CPU
		{59745E74-5F07-4FE6-ABB3-434F93FB3611}.Debug|Any CPU.Build.0 = Debug|Any CPU
		{59745E74-5F07-4FE6-ABB3-434F93FB3611}.Release|Any CPU.ActiveCfg = Release|Any CPU
		{59745E74-5F07-4FE6-ABB3-434F93FB3611}.Release|Any CPU.Build.0 = Release|Any CPU
		{766363C2-3AA1-487B-B62E-5FE0B0011A57}.Debug|Any CPU.ActiveCfg = Debug|Any CPU
		{766363C2-3AA1-487B-B62E-5FE0B0011A57}.Debug|Any CPU.Build.0 = Debug|Any CPU
		{766363C2-3AA1-487B-B62E-5FE0B0011A57}.Release|Any CPU.ActiveCfg = Release|Any CPU
		{766363C2-3AA1-487B-B62E-5FE0B0011A57}.Release|Any CPU.Build.0 = Release|Any CPU
		{4944CD35-0B13-44E7-8454-ECCE56FB75D6}.Debug|Any CPU.ActiveCfg = Debug|Any CPU
		{4944CD35-0B13-44E7-8454-ECCE56FB75D6}.Debug|Any CPU.Build.0 = Debug|Any CPU
		{4944CD35-0B13-44E7-8454-ECCE56FB75D6}.Release|Any CPU.ActiveCfg = Release|Any CPU
		{4944CD35-0B13-44E7-8454-ECCE56FB75D6}.Release|Any CPU.Build.0 = Release|Any CPU
		{182958E3-29D7-41BC-AE81-93465196D9A6}.Debug|Any CPU.ActiveCfg = Debug|Any CPU
		{182958E3-29D7-41BC-AE81-93465196D9A6}.Debug|Any CPU.Build.0 = Debug|Any CPU
		{182958E3-29D7-41BC-AE81-93465196D9A6}.Release|Any CPU.ActiveCfg = Release|Any CPU
		{182958E3-29D7-41BC-AE81-93465196D9A6}.Release|Any CPU.Build.0 = Release|Any CPU
		{7B0F7D76-27BC-4E95-BE9E-C86F9224E90F}.Debug|Any CPU.ActiveCfg = Debug|Any CPU
		{7B0F7D76-27BC-4E95-BE9E-C86F9224E90F}.Debug|Any CPU.Build.0 = Debug|Any CPU
		{7B0F7D76-27BC-4E95-BE9E-C86F9224E90F}.Release|Any CPU.ActiveCfg = Release|Any CPU
		{7B0F7D76-27BC-4E95-BE9E-C86F9224E90F}.Release|Any CPU.Build.0 = Release|Any CPU
		{6ECEAF2A-4C61-4D7E-9FF1-2E856CEE69DE}.Debug|Any CPU.ActiveCfg = Debug|Any CPU
		{6ECEAF2A-4C61-4D7E-9FF1-2E856CEE69DE}.Debug|Any CPU.Build.0 = Debug|Any CPU
		{6ECEAF2A-4C61-4D7E-9FF1-2E856CEE69DE}.Release|Any CPU.ActiveCfg = Release|Any CPU
		{6ECEAF2A-4C61-4D7E-9FF1-2E856CEE69DE}.Release|Any CPU.Build.0 = Release|Any CPU
	EndGlobalSection
	GlobalSection(SolutionProperties) = preSolution
		HideSolutionNode = FALSE
	EndGlobalSection
	GlobalSection(ExtensibilityGlobals) = postSolution
		SolutionGuid = {4F06C849-11D4-44BD-8E92-11566938E468}
	EndGlobalSection
EndGlobal
